
Microsoft Visual Studio Solution File, Format Version 12.00
# Visual Studio Version 17
VisualStudioVersion = 17.2.32519.379
MinimumVisualStudioVersion = 10.0.40219.1
Project("{FAE04EC0-301F-11D3-BF4B-00C04F79EFBC}") = "GestionAulasFacultad", "GestionAulasFacultad\GestionAulasFacultad.csproj", "{F28CE73C-9EB2-4943-90CE-C8295F520502}"
EndProject
Project("{FAE04EC0-301F-11D3-BF4B-00C04F79EFBC}") = "GestionAulasFacultad.Tests", "GestionAulasFacultad.Tests\GestionAulasFacultad.Tests.csproj", "{3B8BB1D6-835F-46C9-A866-F0CBF7E63E3C}"
EndProject
Project("{2150E333-8FDC-42A3-9474-1A3956D46DE8}") = "1. Plataforma", "1. Plataforma", "{9935747F-8EF9-46A6-B45F-D2A92D886C58}"
EndProject
Project("{2150E333-8FDC-42A3-9474-1A3956D46DE8}") = "2. Pruebas", "2. Pruebas", "{65ED164C-978F-4FA9-A7E7-C03F3FAD426E}"
EndProject
Project("{2150E333-8FDC-42A3-9474-1A3956D46DE8}") = "1.1 Vista", "1.1 Vista", "{D29BF166-A464-4440-854F-E4419F40168D}"
EndProject
Project("{2150E333-8FDC-42A3-9474-1A3956D46DE8}") = "1.3 Datos", "1.3 Datos", "{38E5D9E9-2916-4E21-BD11-9E00D8CE369A}"
EndProject
Project("{FAE04EC0-301F-11D3-BF4B-00C04F79EFBC}") = "AccesoDeDatos", "AccesoDeDatos\AccesoDeDatos.csproj", "{2088900D-1D1D-44D3-9160-AEC15F1AFEB6}"
EndProject
Project("{2150E333-8FDC-42A3-9474-1A3956D46DE8}") = "1.2 Logica", "1.2 Logica", "{BCAF7587-8D30-4059-84F4-1DE3D33F129A}"
EndProject
Project("{FAE04EC0-301F-11D3-BF4B-00C04F79EFBC}") = "Logica", "Logica\Logica.csproj", "{3E2257AC-95D4-4A26-B852-4DFCE76BCD52}"
EndProject
Global
	GlobalSection(SolutionConfigurationPlatforms) = preSolution
		Debug|Any CPU = Debug|Any CPU
		Release|Any CPU = Release|Any CPU
	EndGlobalSection
	GlobalSection(ProjectConfigurationPlatforms) = postSolution
		{F28CE73C-9EB2-4943-90CE-C8295F520502}.Debug|Any CPU.ActiveCfg = Debug|Any CPU
		{F28CE73C-9EB2-4943-90CE-C8295F520502}.Debug|Any CPU.Build.0 = Debug|Any CPU
		{F28CE73C-9EB2-4943-90CE-C8295F520502}.Release|Any CPU.ActiveCfg = Release|Any CPU
		{F28CE73C-9EB2-4943-90CE-C8295F520502}.Release|Any CPU.Build.0 = Release|Any CPU
		{3B8BB1D6-835F-46C9-A866-F0CBF7E63E3C}.Debug|Any CPU.ActiveCfg = Debug|Any CPU
		{3B8BB1D6-835F-46C9-A866-F0CBF7E63E3C}.Debug|Any CPU.Build.0 = Debug|Any CPU
		{3B8BB1D6-835F-46C9-A866-F0CBF7E63E3C}.Release|Any CPU.ActiveCfg = Release|Any CPU
		{3B8BB1D6-835F-46C9-A866-F0CBF7E63E3C}.Release|Any CPU.Build.0 = Release|Any CPU
		{2088900D-1D1D-44D3-9160-AEC15F1AFEB6}.Debug|Any CPU.ActiveCfg = Debug|Any CPU
		{2088900D-1D1D-44D3-9160-AEC15F1AFEB6}.Debug|Any CPU.Build.0 = Debug|Any CPU
		{2088900D-1D1D-44D3-9160-AEC15F1AFEB6}.Release|Any CPU.ActiveCfg = Release|Any CPU
		{2088900D-1D1D-44D3-9160-AEC15F1AFEB6}.Release|Any CPU.Build.0 = Release|Any CPU
		{3E2257AC-95D4-4A26-B852-4DFCE76BCD52}.Debug|Any CPU.ActiveCfg = Debug|Any CPU
		{3E2257AC-95D4-4A26-B852-4DFCE76BCD52}.Debug|Any CPU.Build.0 = Debug|Any CPU
		{3E2257AC-95D4-4A26-B852-4DFCE76BCD52}.Release|Any CPU.ActiveCfg = Release|Any CPU
		{3E2257AC-95D4-4A26-B852-4DFCE76BCD52}.Release|Any CPU.Build.0 = Release|Any CPU
	EndGlobalSection
	GlobalSection(SolutionProperties) = preSolution
		HideSolutionNode = FALSE
	EndGlobalSection
	GlobalSection(NestedProjects) = preSolution
		{F28CE73C-9EB2-4943-90CE-C8295F520502} = {D29BF166-A464-4440-854F-E4419F40168D}
		{3B8BB1D6-835F-46C9-A866-F0CBF7E63E3C} = {65ED164C-978F-4FA9-A7E7-C03F3FAD426E}
		{D29BF166-A464-4440-854F-E4419F40168D} = {9935747F-8EF9-46A6-B45F-D2A92D886C58}
		{38E5D9E9-2916-4E21-BD11-9E00D8CE369A} = {9935747F-8EF9-46A6-B45F-D2A92D886C58}
		{2088900D-1D1D-44D3-9160-AEC15F1AFEB6} = {38E5D9E9-2916-4E21-BD11-9E00D8CE369A}
		{BCAF7587-8D30-4059-84F4-1DE3D33F129A} = {9935747F-8EF9-46A6-B45F-D2A92D886C58}
		{3E2257AC-95D4-4A26-B852-4DFCE76BCD52} = {BCAF7587-8D30-4059-84F4-1DE3D33F129A}
	EndGlobalSection
	GlobalSection(ExtensibilityGlobals) = postSolution
		SolutionGuid = {7296DF39-E124-4F53-A9B5-EEAEC328A3EA}
	EndGlobalSection
EndGlobal
